
Microsoft Visual Studio Solution File, Format Version 12.00
# Visual Studio 14
VisualStudioVersion = 14.0.25123.0
MinimumVisualStudioVersion = 10.0.40219.1
Project("{FAE04EC0-301F-11D3-BF4B-00C04F79EFBC}") = "01", "01\01.csproj", "{40D8FD82-5931-4CC1-A71B-1F5FB3DA3D96}"
EndProject
Project("{FAE04EC0-301F-11D3-BF4B-00C04F79EFBC}") = "02", "02\02.csproj", "{2345971A-318B-4356-AEF0-51CA7D0D8EC5}"
EndProject
Project("{FAE04EC0-301F-11D3-BF4B-00C04F79EFBC}") = "03", "03\03.csproj", "{ED2B69D2-200B-47E3-9DC4-D051FCEB3B06}"
EndProject
Project("{FAE04EC0-301F-11D3-BF4B-00C04F79EFBC}") = "04", "04\04.csproj", "{5ACB07AC-9989-4D61-A20F-7837E8E447D4}"
EndProject
Project("{FAE04EC0-301F-11D3-BF4B-00C04F79EFBC}") = "05", "05\05.csproj", "{36D6BD4F-A94E-44B9-8AFF-EFEF390398CF}"
EndProject
Project("{FAE04EC0-301F-11D3-BF4B-00C04F79EFBC}") = "06", "06\06.csproj", "{317D2E1F-A930-4125-BD6B-30EE4A389595}"
EndProject
Project("{FAE04EC0-301F-11D3-BF4B-00C04F79EFBC}") = "13", "13\13.csproj", "{0E0B61C4-E454-4859-AC3A-04CB6320D613}"
EndProject
Project("{FAE04EC0-301F-11D3-BF4B-00C04F79EFBC}") = "16", "16\16.csproj", "{AD8FD024-DD6F-4955-BB33-12F89F2F1B8D}"
EndProject
Global
	GlobalSection(SolutionConfigurationPlatforms) = preSolution
		Debug|Any CPU = Debug|Any CPU
		Release|Any CPU = Release|Any CPU
	EndGlobalSection
	GlobalSection(ProjectConfigurationPlatforms) = postSolution
		{40D8FD82-5931-4CC1-A71B-1F5FB3DA3D96}.Debug|Any CPU.ActiveCfg = Debug|Any CPU
		{40D8FD82-5931-4CC1-A71B-1F5FB3DA3D96}.Debug|Any CPU.Build.0 = Debug|Any CPU
		{40D8FD82-5931-4CC1-A71B-1F5FB3DA3D96}.Release|Any CPU.ActiveCfg = Release|Any CPU
		{40D8FD82-5931-4CC1-A71B-1F5FB3DA3D96}.Release|Any CPU.Build.0 = Release|Any CPU
		{2345971A-318B-4356-AEF0-51CA7D0D8EC5}.Debug|Any CPU.ActiveCfg = Debug|Any CPU
		{2345971A-318B-4356-AEF0-51CA7D0D8EC5}.Debug|Any CPU.Build.0 = Debug|Any CPU
		{2345971A-318B-4356-AEF0-51CA7D0D8EC5}.Release|Any CPU.ActiveCfg = Release|Any CPU
		{2345971A-318B-4356-AEF0-51CA7D0D8EC5}.Release|Any CPU.Build.0 = Release|Any CPU
		{ED2B69D2-200B-47E3-9DC4-D051FCEB3B06}.Debug|Any CPU.ActiveCfg = Debug|Any CPU
		{ED2B69D2-200B-47E3-9DC4-D051FCEB3B06}.Debug|Any CPU.Build.0 = Debug|Any CPU
		{ED2B69D2-200B-47E3-9DC4-D051FCEB3B06}.Release|Any CPU.ActiveCfg = Release|Any CPU
		{ED2B69D2-200B-47E3-9DC4-D051FCEB3B06}.Release|Any CPU.Build.0 = Release|Any CPU
		{5ACB07AC-9989-4D61-A20F-7837E8E447D4}.Debug|Any CPU.ActiveCfg = Debug|Any CPU
		{5ACB07AC-9989-4D61-A20F-7837E8E447D4}.Debug|Any CPU.Build.0 = Debug|Any CPU
		{5ACB07AC-9989-4D61-A20F-7837E8E447D4}.Release|Any CPU.ActiveCfg = Release|Any CPU
		{5ACB07AC-9989-4D61-A20F-7837E8E447D4}.Release|Any CPU.Build.0 = Release|Any CPU
		{36D6BD4F-A94E-44B9-8AFF-EFEF390398CF}.Debug|Any CPU.ActiveCfg = Debug|Any CPU
		{36D6BD4F-A94E-44B9-8AFF-EFEF390398CF}.Debug|Any CPU.Build.0 = Debug|Any CPU
		{36D6BD4F-A94E-44B9-8AFF-EFEF390398CF}.Release|Any CPU.ActiveCfg = Release|Any CPU
		{36D6BD4F-A94E-44B9-8AFF-EFEF390398CF}.Release|Any CPU.Build.0 = Release|Any CPU
		{317D2E1F-A930-4125-BD6B-30EE4A389595}.Debug|Any CPU.ActiveCfg = Debug|Any CPU
		{317D2E1F-A930-4125-BD6B-30EE4A389595}.Debug|Any CPU.Build.0 = Debug|Any CPU
		{317D2E1F-A930-4125-BD6B-30EE4A389595}.Release|Any CPU.ActiveCfg = Release|Any CPU
		{317D2E1F-A930-4125-BD6B-30EE4A389595}.Release|Any CPU.Build.0 = Release|Any CPU
		{0E0B61C4-E454-4859-AC3A-04CB6320D613}.Debug|Any CPU.ActiveCfg = Debug|Any CPU
		{0E0B61C4-E454-4859-AC3A-04CB6320D613}.Debug|Any CPU.Build.0 = Debug|Any CPU
		{0E0B61C4-E454-4859-AC3A-04CB6320D613}.Release|Any CPU.ActiveCfg = Release|Any CPU
		{0E0B61C4-E454-4859-AC3A-04CB6320D613}.Release|Any CPU.Build.0 = Release|Any CPU
		{AD8FD024-DD6F-4955-BB33-12F89F2F1B8D}.Debug|Any CPU.ActiveCfg = Debug|Any CPU
		{AD8FD024-DD6F-4955-BB33-12F89F2F1B8D}.Debug|Any CPU.Build.0 = Debug|Any CPU
		{AD8FD024-DD6F-4955-BB33-12F89F2F1B8D}.Release|Any CPU.ActiveCfg = Release|Any CPU
		{AD8FD024-DD6F-4955-BB33-12F89F2F1B8D}.Release|Any CPU.Build.0 = Release|Any CPU
	EndGlobalSection
	GlobalSection(SolutionProperties) = preSolution
		HideSolutionNode = FALSE
	EndGlobalSection
EndGlobal
