
Microsoft Visual Studio Solution File, Format Version 12.00
# Visual Studio 14
VisualStudioVersion = 14.0.25123.0
MinimumVisualStudioVersion = 10.0.40219.1
Project("{FAE04EC0-301F-11D3-BF4B-00C04F79EFBC}") = "_01", "_01\_01.csproj", "{C07E11CE-2AE5-441F-899E-53105577D845}"
EndProject
Project("{FAE04EC0-301F-11D3-BF4B-00C04F79EFBC}") = "_02", "_02\_02.csproj", "{B9859A77-B175-4730-8384-A3DC31EB3AED}"
EndProject
Project("{FAE04EC0-301F-11D3-BF4B-00C04F79EFBC}") = "_03", "_03\_03.csproj", "{FBC24E3C-EDBD-466B-AC70-2285E62CA99F}"
EndProject
Project("{FAE04EC0-301F-11D3-BF4B-00C04F79EFBC}") = "_04", "_04\_04.csproj", "{2757345E-13A7-4BD7-AC72-F38EDA61FA30}"
EndProject
Project("{FAE04EC0-301F-11D3-BF4B-00C04F79EFBC}") = "_05", "_05\_05.csproj", "{AB68B24F-45BD-4807-A05B-EF35FB0DCB3C}"
EndProject
Project("{FAE04EC0-301F-11D3-BF4B-00C04F79EFBC}") = "_06", "_06\_06.csproj", "{AD208EC3-7779-4E27-842E-240235A98E98}"
EndProject
Global
	GlobalSection(SolutionConfigurationPlatforms) = preSolution
		Debug|Any CPU = Debug|Any CPU
		Release|Any CPU = Release|Any CPU
	EndGlobalSection
	GlobalSection(ProjectConfigurationPlatforms) = postSolution
		{C07E11CE-2AE5-441F-899E-53105577D845}.Debug|Any CPU.ActiveCfg = Debug|Any CPU
		{C07E11CE-2AE5-441F-899E-53105577D845}.Debug|Any CPU.Build.0 = Debug|Any CPU
		{C07E11CE-2AE5-441F-899E-53105577D845}.Release|Any CPU.ActiveCfg = Release|Any CPU
		{C07E11CE-2AE5-441F-899E-53105577D845}.Release|Any CPU.Build.0 = Release|Any CPU
		{B9859A77-B175-4730-8384-A3DC31EB3AED}.Debug|Any CPU.ActiveCfg = Debug|Any CPU
		{B9859A77-B175-4730-8384-A3DC31EB3AED}.Debug|Any CPU.Build.0 = Debug|Any CPU
		{B9859A77-B175-4730-8384-A3DC31EB3AED}.Release|Any CPU.ActiveCfg = Release|Any CPU
		{B9859A77-B175-4730-8384-A3DC31EB3AED}.Release|Any CPU.Build.0 = Release|Any CPU
		{FBC24E3C-EDBD-466B-AC70-2285E62CA99F}.Debug|Any CPU.ActiveCfg = Debug|Any CPU
		{FBC24E3C-EDBD-466B-AC70-2285E62CA99F}.Debug|Any CPU.Build.0 = Debug|Any CPU
		{FBC24E3C-EDBD-466B-AC70-2285E62CA99F}.Release|Any CPU.ActiveCfg = Release|Any CPU
		{FBC24E3C-EDBD-466B-AC70-2285E62CA99F}.Release|Any CPU.Build.0 = Release|Any CPU
		{2757345E-13A7-4BD7-AC72-F38EDA61FA30}.Debug|Any CPU.ActiveCfg = Debug|Any CPU
		{2757345E-13A7-4BD7-AC72-F38EDA61FA30}.Debug|Any CPU.Build.0 = Debug|Any CPU
		{2757345E-13A7-4BD7-AC72-F38EDA61FA30}.Release|Any CPU.ActiveCfg = Release|Any CPU
		{2757345E-13A7-4BD7-AC72-F38EDA61FA30}.Release|Any CPU.Build.0 = Release|Any CPU
		{AB68B24F-45BD-4807-A05B-EF35FB0DCB3C}.Debug|Any CPU.ActiveCfg = Debug|Any CPU
		{AB68B24F-45BD-4807-A05B-EF35FB0DCB3C}.Debug|Any CPU.Build.0 = Debug|Any CPU
		{AB68B24F-45BD-4807-A05B-EF35FB0DCB3C}.Release|Any CPU.ActiveCfg = Release|Any CPU
		{AB68B24F-45BD-4807-A05B-EF35FB0DCB3C}.Release|Any CPU.Build.0 = Release|Any CPU
		{AD208EC3-7779-4E27-842E-240235A98E98}.Debug|Any CPU.ActiveCfg = Debug|Any CPU
		{AD208EC3-7779-4E27-842E-240235A98E98}.Debug|Any CPU.Build.0 = Debug|Any CPU
		{AD208EC3-7779-4E27-842E-240235A98E98}.Release|Any CPU.ActiveCfg = Release|Any CPU
		{AD208EC3-7779-4E27-842E-240235A98E98}.Release|Any CPU.Build.0 = Release|Any CPU
	EndGlobalSection
	GlobalSection(SolutionProperties) = preSolution
		HideSolutionNode = FALSE
	EndGlobalSection
EndGlobal
